# generated by rye
# use `rye lock` or `rye sync` to update this lockfile
#
# last locked with the following flags:
#   pre: false
#   features: []
#   all-features: false
#   with-sources: false
#   generate-hashes: false
#   universal: false

-e file:.
bidict==0.23.1
    # via python-socketio
blinker==1.9.0
    # via flask
certifi==2024.12.14
    # via requests
charset-normalizer==3.4.0
    # via requests
click==8.1.7
    # via flask
colorlog==6.9.0
    # via gateway
deprecated==1.2.15
    # via opentelemetry-api
    # via opentelemetry-exporter-otlp-proto-http
    # via opentelemetry-semantic-conventions
flask==3.1.0
    # via flask-cors
    # via flask-socketio
    # via gateway
    # via types-flask-cors
flask-cors==5.0.0
    # via gateway
flask-socketio==5.5.0
    # via gateway
googleapis-common-protos==1.66.0
    # via opentelemetry-exporter-otlp-proto-http
h11==0.14.0
    # via wsproto
idna==3.10
    # via requests
importlib-metadata==8.5.0
    # via opentelemetry-api
itsdangerous==2.2.0
    # via flask
jinja2==3.1.4
    # via flask
markupsafe==3.0.2
    # via jinja2
    # via werkzeug
mypy==1.14.0
mypy-extensions==1.0.0
    # via mypy
opentelemetry-api==1.29.0
    # via opentelemetry-exporter-otlp-proto-http
    # via opentelemetry-sdk
    # via opentelemetry-semantic-conventions
    # via resonate-sdk
opentelemetry-exporter-otlp-proto-common==1.29.0
    # via opentelemetry-exporter-otlp-proto-http
opentelemetry-exporter-otlp-proto-http==1.29.0
    # via resonate-sdk
opentelemetry-proto==1.29.0
    # via opentelemetry-exporter-otlp-proto-common
    # via opentelemetry-exporter-otlp-proto-http
opentelemetry-sdk==1.29.0
    # via opentelemetry-exporter-otlp-proto-http
    # via resonate-sdk
opentelemetry-semantic-conventions==0.50b0
    # via opentelemetry-sdk
protobuf==5.29.2
    # via googleapis-common-protos
    # via opentelemetry-proto
python-engineio==4.11.2
    # via python-socketio
python-socketio==5.12.1
    # via flask-socketio
requests==2.32.3
    # via opentelemetry-exporter-otlp-proto-http
    # via resonate-sdk
resonate-sdk==0.4.8
    # via gateway
simple-websocket==1.1.0
    # via python-engineio
types-flask-cors==5.0.0.20240902
    # via gateway
typing-extensions==4.12.2
    # via mypy
    # via opentelemetry-sdk
    # via resonate-sdk
urllib3==2.2.3
    # via requests
werkzeug==3.1.3
    # via flask
wrapt==1.17.0
    # via deprecated
wsproto==1.2.0
    # via simple-websocket
zipp==3.21.0
    # via importlib-metadata
