# generated by rye
# use `rye lock` or `rye sync` to update this lockfile
#
# last locked with the following flags:
#   pre: false
#   features: []
#   all-features: false
#   with-sources: false
#   generate-hashes: false
#   universal: false

-e file:.
certifi==2024.12.14
    # via requests
charset-normalizer==3.4.1
    # via requests
deprecated==1.2.15
    # via opentelemetry-api
    # via opentelemetry-exporter-otlp-proto-http
    # via opentelemetry-semantic-conventions
googleapis-common-protos==1.66.0
    # via opentelemetry-exporter-otlp-proto-http
idna==3.10
    # via requests
importlib-metadata==8.5.0
    # via opentelemetry-api
opentelemetry-api==1.29.0
    # via opentelemetry-exporter-otlp-proto-http
    # via opentelemetry-sdk
    # via opentelemetry-semantic-conventions
    # via resonate-sdk
opentelemetry-exporter-otlp-proto-common==1.29.0
    # via opentelemetry-exporter-otlp-proto-http
opentelemetry-exporter-otlp-proto-http==1.29.0
    # via resonate-sdk
opentelemetry-proto==1.29.0
    # via opentelemetry-exporter-otlp-proto-common
    # via opentelemetry-exporter-otlp-proto-http
opentelemetry-sdk==1.29.0
    # via opentelemetry-exporter-otlp-proto-http
    # via resonate-sdk
opentelemetry-semantic-conventions==0.50b0
    # via opentelemetry-sdk
protobuf==5.29.2
    # via googleapis-common-protos
    # via opentelemetry-proto
requests==2.32.3
    # via opentelemetry-exporter-otlp-proto-http
    # via resonate-sdk
resonate-sdk==0.4.8
    # via products
typing-extensions==4.12.2
    # via opentelemetry-sdk
    # via resonate-sdk
urllib3==2.3.0
    # via requests
wrapt==1.17.0
    # via deprecated
zipp==3.21.0
    # via importlib-metadata
